// !$*UTF8*$!
{
	archiveVersion = 1;
	classes = {
	};
	objectVersion = 46;
	objects = {

/* Begin PBXBuildFile section */
		180A73421D532BF600F6BCCE /* AppDelegate.swift in Sources */ = {isa = PBXBuildFile; fileRef = 180A73411D532BF600F6BCCE /* AppDelegate.swift */; };
		180A73441D532BF600F6BCCE /* ViewController.swift in Sources */ = {isa = PBXBuildFile; fileRef = 180A73431D532BF600F6BCCE /* ViewController.swift */; };
		180A73471D532BF600F6BCCE /* Main.storyboard in Resources */ = {isa = PBXBuildFile; fileRef = 180A73451D532BF600F6BCCE /* Main.storyboard */; };
		180A73491D532BF600F6BCCE /* Assets.xcassets in Resources */ = {isa = PBXBuildFile; fileRef = 180A73481D532BF600F6BCCE /* Assets.xcassets */; };
		180A734C1D532BF600F6BCCE /* LaunchScreen.storyboard in Resources */ = {isa = PBXBuildFile; fileRef = 180A734A1D532BF600F6BCCE /* LaunchScreen.storyboard */; };
		180A73571D532BF600F6BCCE /* SampleProjectTests.swift in Sources */ = {isa = PBXBuildFile; fileRef = 180A73561D532BF600F6BCCE /* SampleProjectTests.swift */; };
		180A73621D532BF600F6BCCE /* SampleProjectUITests.swift in Sources */ = {isa = PBXBuildFile; fileRef = 180A73611D532BF600F6BCCE /* SampleProjectUITests.swift */; };
/* End PBXBuildFile section */

/* Begin PBXContainerItemProxy section */
		180A73531D532BF600F6BCCE /* PBXContainerItemProxy */ = {
			isa = PBXContainerItemProxy;
			containerPortal = 180A73361D532BF600F6BCCE /* Project object */;
			proxyType = 1;
			remoteGlobalIDString = 180A733D1D532BF600F6BCCE;
			remoteInfo = SampleProject;
		};
		180A735E1D532BF600F6BCCE /* PBXContainerItemProxy */ = {
			isa = PBXContainerItemProxy;
			containerPortal = 180A73361D532BF600F6BCCE /* Project object */;
			proxyType = 1;
			remoteGlobalIDString = 180A733D1D532BF600F6BCCE;
			remoteInfo = SampleProject;
		};
/* End PBXContainerItemProxy section */

/* Begin PBXFileReference section */
		180A733E1D532BF600F6BCCE /* SampleProject.app */ = {isa = PBXFileReference; explicitFileType = wrapper.application; includeInIndex = 0; path = SampleProject.app; sourceTree = BUILT_PRODUCTS_DIR; };
		180A73411D532BF600F6BCCE /* AppDelegate.swift */ = {isa = PBXFileReference; lastKnownFileType = sourcecode.swift; path = AppDelegate.swift; sourceTree = "<group>"; };
		180A73431D532BF600F6BCCE /* ViewController.swift */ = {isa = PBXFileReference; lastKnownFileType = sourcecode.swift; path = ViewController.swift; sourceTree = "<group>"; };
		180A73461D532BF600F6BCCE /* Base */ = {isa = PBXFileReference; lastKnownFileType = file.storyboard; name = Base; path = Base.lproj/Main.storyboard; sourceTree = "<group>"; };
		180A73481D532BF600F6BCCE /* Assets.xcassets */ = {isa = PBXFileReference; lastKnownFileType = folder.assetcatalog; path = Assets.xcassets; sourceTree = "<group>"; };
		180A734B1D532BF600F6BCCE /* Base */ = {isa = PBXFileReference; lastKnownFileType = file.storyboard; name = Base; path = Base.lproj/LaunchScreen.storyboard; sourceTree = "<group>"; };
		180A734D1D532BF600F6BCCE /* Info.plist */ = {isa = PBXFileReference; lastKnownFileType = text.plist.xml; path = Info.plist; sourceTree = "<group>"; };
		180A73521D532BF600F6BCCE /* SampleProjectTests.xctest */ = {isa = PBXFileReference; explicitFileType = wrapper.cfbundle; includeInIndex = 0; path = SampleProjectTests.xctest; sourceTree = BUILT_PRODUCTS_DIR; };
		180A73561D532BF600F6BCCE /* SampleProjectTests.swift */ = {isa = PBXFileReference; lastKnownFileType = sourcecode.swift; path = SampleProjectTests.swift; sourceTree = "<group>"; };
		180A73581D532BF600F6BCCE /* Info.plist */ = {isa = PBXFileReference; lastKnownFileType = text.plist.xml; path = Info.plist; sourceTree = "<group>"; };
		180A735D1D532BF600F6BCCE /* SampleProjectUITests.xctest */ = {isa = PBXFileReference; explicitFileType = wrapper.cfbundle; includeInIndex = 0; path = SampleProjectUITests.xctest; sourceTree = BUILT_PRODUCTS_DIR; };
		180A73611D532BF600F6BCCE /* SampleProjectUITests.swift */ = {isa = PBXFileReference; lastKnownFileType = sourcecode.swift; path = SampleProjectUITests.swift; sourceTree = "<group>"; };
		180A73631D532BF600F6BCCE /* Info.plist */ = {isa = PBXFileReference; lastKnownFileType = text.plist.xml; path = Info.plist; sourceTree = "<group>"; };
/* End PBXFileReference section */

/* Begin PBXFrameworksBuildPhase section */
		180A733B1D532BF600F6BCCE /* Frameworks */ = {
			isa = PBXFrameworksBuildPhase;
			buildActionMask = 2147483647;
			files = (
			);
			runOnlyForDeploymentPostprocessing = 0;
		};
		180A734F1D532BF600F6BCCE /* Frameworks */ = {
			isa = PBXFrameworksBuildPhase;
			buildActionMask = 2147483647;
			files = (
			);
			runOnlyForDeploymentPostprocessing = 0;
		};
		180A735A1D532BF600F6BCCE /* Frameworks */ = {
			isa = PBXFrameworksBuildPhase;
			buildActionMask = 2147483647;
			files = (
			);
			runOnlyForDeploymentPostprocessing = 0;
		};
/* End PBXFrameworksBuildPhase section */

/* Begin PBXGroup section */
		180A73351D532BF600F6BCCE = {
			isa = PBXGroup;
			children = (
				180A73401D532BF600F6BCCE /* SampleProject */,
				180A73551D532BF600F6BCCE /* SampleProjectTests */,
				180A73601D532BF600F6BCCE /* SampleProjectUITests */,
				180A733F1D532BF600F6BCCE /* Products */,
			);
			sourceTree = "<group>";
		};
		180A733F1D532BF600F6BCCE /* Products */ = {
			isa = PBXGroup;
			children = (
				180A733E1D532BF600F6BCCE /* SampleProject.app */,
				180A73521D532BF600F6BCCE /* SampleProjectTests.xctest */,
				180A735D1D532BF600F6BCCE /* SampleProjectUITests.xctest */,
			);
			name = Products;
			sourceTree = "<group>";
		};
		180A73401D532BF600F6BCCE /* SampleProject */ = {
			isa = PBXGroup;
			children = (
				180A73411D532BF600F6BCCE /* AppDelegate.swift */,
				180A73431D532BF600F6BCCE /* ViewController.swift */,
				180A73451D532BF600F6BCCE /* Main.storyboard */,
				180A73481D532BF600F6BCCE /* Assets.xcassets */,
				180A734A1D532BF600F6BCCE /* LaunchScreen.storyboard */,
				180A734D1D532BF600F6BCCE /* Info.plist */,
			);
			path = SampleProject;
			sourceTree = "<group>";
		};
		180A73551D532BF600F6BCCE /* SampleProjectTests */ = {
			isa = PBXGroup;
			children = (
				180A73561D532BF600F6BCCE /* SampleProjectTests.swift */,
				180A73581D532BF600F6BCCE /* Info.plist */,
			);
			path = SampleProjectTests;
			sourceTree = "<group>";
		};
		180A73601D532BF600F6BCCE /* SampleProjectUITests */ = {
			isa = PBXGroup;
			children = (
				180A73611D532BF600F6BCCE /* SampleProjectUITests.swift */,
				180A73631D532BF600F6BCCE /* Info.plist */,
			);
			path = SampleProjectUITests;
			sourceTree = "<group>";
		};
/* End PBXGroup section */

/* Begin PBXNativeTarget section */
		180A733D1D532BF600F6BCCE /* SampleProject */ = {
			isa = PBXNativeTarget;
			buildConfigurationList = 180A73661D532BF600F6BCCE /* Build configuration list for PBXNativeTarget "SampleProject" */;
			buildPhases = (
				180A733A1D532BF600F6BCCE /* Sources */,
				180A733B1D532BF600F6BCCE /* Frameworks */,
				180A733C1D532BF600F6BCCE /* Resources */,
			);
			buildRules = (
			);
			dependencies = (
			);
			name = SampleProject;
			productName = SampleProject;
			productReference = 180A733E1D532BF600F6BCCE /* SampleProject.app */;
			productType = "com.apple.product-type.application";
		};
		180A73511D532BF600F6BCCE /* SampleProjectTests */ = {
			isa = PBXNativeTarget;
			buildConfigurationList = 180A73691D532BF600F6BCCE /* Build configuration list for PBXNativeTarget "SampleProjectTests" */;
			buildPhases = (
				180A734E1D532BF600F6BCCE /* Sources */,
				180A734F1D532BF600F6BCCE /* Frameworks */,
				180A73501D532BF600F6BCCE /* Resources */,
			);
			buildRules = (
			);
			dependencies = (
				180A73541D532BF600F6BCCE /* PBXTargetDependency */,
			);
			name = SampleProjectTests;
			productName = SampleProjectTests;
			productReference = 180A73521D532BF600F6BCCE /* SampleProjectTests.xctest */;
			productType = "com.apple.product-type.bundle.unit-test";
		};
		180A735C1D532BF600F6BCCE /* SampleProjectUITests */ = {
			isa = PBXNativeTarget;
			buildConfigurationList = 180A736C1D532BF600F6BCCE /* Build configuration list for PBXNativeTarget "SampleProjectUITests" */;
			buildPhases = (
				180A73591D532BF600F6BCCE /* Sources */,
				180A735A1D532BF600F6BCCE /* Frameworks */,
				180A735B1D532BF600F6BCCE /* Resources */,
			);
			buildRules = (
			);
			dependencies = (
				180A735F1D532BF600F6BCCE /* PBXTargetDependency */,
			);
			name = SampleProjectUITests;
			productName = SampleProjectUITests;
			productReference = 180A735D1D532BF600F6BCCE /* SampleProjectUITests.xctest */;
			productType = "com.apple.product-type.bundle.ui-testing";
		};
/* End PBXNativeTarget section */

/* Begin PBXProject section */
		180A73361D532BF600F6BCCE /* Project object */ = {
			isa = PBXProject;
			attributes = {
				LastSwiftUpdateCheck = 0730;
				LastUpgradeCheck = 0730;
				ORGANIZATIONNAME = MindSparx;
				TargetAttributes = {
					180A733D1D532BF600F6BCCE = {
						CreatedOnToolsVersion = 7.3.1;
					};
					180A73511D532BF600F6BCCE = {
						CreatedOnToolsVersion = 7.3.1;
						TestTargetID = 180A733D1D532BF600F6BCCE;
					};
					180A735C1D532BF600F6BCCE = {
						CreatedOnToolsVersion = 7.3.1;
						TestTargetID = 180A733D1D532BF600F6BCCE;
					};
				};
			};
			buildConfigurationList = 180A73391D532BF600F6BCCE /* Build configuration list for PBXProject "SampleProject" */;
			compatibilityVersion = "Xcode 3.2";
			developmentRegion = English;
			hasScannedForEncodings = 0;
			knownRegions = (
				en,
				Base,
			);
			mainGroup = 180A73351D532BF600F6BCCE;
			productRefGroup = 180A733F1D532BF600F6BCCE /* Products */;
			projectDirPath = "";
			projectRoot = "";
			targets = (
				180A733D1D532BF600F6BCCE /* SampleProject */,
				180A73511D532BF600F6BCCE /* SampleProjectTests */,
				180A735C1D532BF600F6BCCE /* SampleProjectUITests */,
			);
		};
/* End PBXProject section */

/* Begin PBXResourcesBuildPhase section */
		180A733C1D532BF600F6BCCE /* Resources */ = {
			isa = PBXResourcesBuildPhase;
			buildActionMask = 2147483647;
			files = (
				180A734C1D532BF600F6BCCE /* LaunchScreen.storyboard in Resources */,
				180A73491D532BF600F6BCCE /* Assets.xcassets in Resources */,
				180A73471D532BF600F6BCCE /* Main.storyboard in Resources */,
			);
			runOnlyForDeploymentPostprocessing = 0;
		};
		180A73501D532BF600F6BCCE /* Resources */ = {
			isa = PBXResourcesBuildPhase;
			buildActionMask = 2147483647;
			files = (
			);
			runOnlyForDeploymentPostprocessing = 0;
		};
		180A735B1D532BF600F6BCCE /* Resources */ = {
			isa = PBXResourcesBuildPhase;
			buildActionMask = 2147483647;
			files = (
			);
			runOnlyForDeploymentPostprocessing = 0;
		};
/* End PBXResourcesBuildPhase section */

/* Begin PBXSourcesBuildPhase section */
		180A733A1D532BF600F6BCCE /* Sources */ = {
			isa = PBXSourcesBuildPhase;
			buildActionMask = 2147483647;
			files = (
				180A73441D532BF600F6BCCE /* ViewController.swift in Sources */,
				180A73421D532BF600F6BCCE /* AppDelegate.swift in Sources */,
			);
			runOnlyForDeploymentPostprocessing = 0;
		};
		180A734E1D532BF600F6BCCE /* Sources */ = {
			isa = PBXSourcesBuildPhase;
			buildActionMask = 2147483647;
			files = (
				180A73571D532BF600F6BCCE /* SampleProjectTests.swift in Sources */,
			);
			runOnlyForDeploymentPostprocessing = 0;
		};
		180A73591D532BF600F6BCCE /* Sources */ = {
			isa = PBXSourcesBuildPhase;
			buildActionMask = 2147483647;
			files = (
				180A73621D532BF600F6BCCE /* SampleProjectUITests.swift in Sources */,
			);
			runOnlyForDeploymentPostprocessing = 0;
		};
/* End PBXSourcesBuildPhase section */

/* Begin PBXTargetDependency section */
		180A73541D532BF600F6BCCE /* PBXTargetDependency */ = {
			isa = PBXTargetDependency;
			target = 180A733D1D532BF600F6BCCE /* SampleProject */;
			targetProxy = 180A73531D532BF600F6BCCE /* PBXContainerItemProxy */;
		};
		180A735F1D532BF600F6BCCE /* PBXTargetDependency */ = {
			isa = PBXTargetDependency;
			target = 180A733D1D532BF600F6BCCE /* SampleProject */;
			targetProxy = 180A735E1D532BF600F6BCCE /* PBXContainerItemProxy */;
		};
/* End PBXTargetDependency section */

/* Begin PBXVariantGroup section */
		180A73451D532BF600F6BCCE /* Main.storyboard */ = {
			isa = PBXVariantGroup;
			children = (
				180A73461D532BF600F6BCCE /* Base */,
			);
			name = Main.storyboard;
			sourceTree = "<group>";
		};
		180A734A1D532BF600F6BCCE /* LaunchScreen.storyboard */ = {
			isa = PBXVariantGroup;
			children = (
				180A734B1D532BF600F6BCCE /* Base */,
			);
			name = LaunchScreen.storyboard;
			sourceTree = "<group>";
		};
/* End PBXVariantGroup section */

/* Begin XCBuildConfiguration section */
		180A73641D532BF600F6BCCE /* Debug */ = {
			isa = XCBuildConfiguration;
			buildSettings = {
				ALWAYS_SEARCH_USER_PATHS = NO;
				CLANG_ANALYZER_NONNULL = YES;
				CLANG_CXX_LANGUAGE_STANDARD = "gnu++0x";
				CLANG_CXX_LIBRARY = "libc++";
				CLANG_ENABLE_MODULES = YES;
				CLANG_ENABLE_OBJC_ARC = YES;
				CLANG_WARN_BOOL_CONVERSION = YES;
				CLANG_WARN_CONSTANT_CONVERSION = YES;
				CLANG_WARN_DIRECT_OBJC_ISA_USAGE = YES_ERROR;
				CLANG_WARN_EMPTY_BODY = YES;
				CLANG_WARN_ENUM_CONVERSION = YES;
				CLANG_WARN_INT_CONVERSION = YES;
				CLANG_WARN_OBJC_ROOT_CLASS = YES_ERROR;
				CLANG_WARN_UNREACHABLE_CODE = YES;
				CLANG_WARN__DUPLICATE_METHOD_MATCH = YES;
				"CODE_SIGN_IDENTITY[sdk=iphoneos*]" = "iPhone Developer";
				COPY_PHASE_STRIP = NO;
				DEBUG_INFORMATION_FORMAT = dwarf;
				ENABLE_STRICT_OBJC_MSGSEND = YES;
				ENABLE_TESTABILITY = YES;
				GCC_C_LANGUAGE_STANDARD = gnu99;
				GCC_DYNAMIC_NO_PIC = NO;
				GCC_NO_COMMON_BLOCKS = YES;
				GCC_OPTIMIZATION_LEVEL = 0;
				GCC_PREPROCESSOR_DEFINITIONS = (
					"DEBUG=1",
					"$(inherited)",
				);
				GCC_WARN_64_TO_32_BIT_CONVERSION = YES;
				GCC_WARN_ABOUT_RETURN_TYPE = YES_ERROR;
				GCC_WARN_UNDECLARED_SELECTOR = YES;
				GCC_WARN_UNINITIALIZED_AUTOS = YES_AGGRESSIVE;
				GCC_WARN_UNUSED_FUNCTION = YES;
				GCC_WARN_UNUSED_VARIABLE = YES;
				IPHONEOS_DEPLOYMENT_TARGET = 9.3;
				MTL_ENABLE_DEBUG_INFO = YES;
				ONLY_ACTIVE_ARCH = YES;
				SDKROOT = iphoneos;
				SWIFT_OPTIMIZATION_LEVEL = "-Onone";
				TARGETED_DEVICE_FAMILY = "1,2";
			};
			name = Debug;
		};
		180A73651D532BF600F6BCCE /* Release */ = {
			isa = XCBuildConfiguration;
			buildSettings = {
				ALWAYS_SEARCH_USER_PATHS = NO;
				CLANG_ANALYZER_NONNULL = YES;
				CLANG_CXX_LANGUAGE_STANDARD = "gnu++0x";
				CLANG_CXX_LIBRARY = "libc++";
				CLANG_ENABLE_MODULES = YES;
				CLANG_ENABLE_OBJC_ARC = YES;
				CLANG_WARN_BOOL_CONVERSION = YES;
				CLANG_WARN_CONSTANT_CONVERSION = YES;
				CLANG_WARN_DIRECT_OBJC_ISA_USAGE = YES_ERROR;
				CLANG_WARN_EMPTY_BODY = YES;
				CLANG_WARN_ENUM_CONVERSION = YES;
				CLANG_WARN_INT_CONVERSION = YES;
				CLANG_WARN_OBJC_ROOT_CLASS = YES_ERROR;
				CLANG_WARN_UNREACHABLE_CODE = YES;
				CLANG_WARN__DUPLICATE_METHOD_MATCH = YES;
				"CODE_SIGN_IDENTITY[sdk=iphoneos*]" = "iPhone Developer";
				COPY_PHASE_STRIP = NO;
				DEBUG_INFORMATION_FORMAT = "dwarf-with-dsym";
				ENABLE_NS_ASSERTIONS = NO;
				ENABLE_STRICT_OBJC_MSGSEND = YES;
				GCC_C_LANGUAGE_STANDARD = gnu99;
				GCC_NO_COMMON_BLOCKS = YES;
				GCC_WARN_64_TO_32_BIT_CONVERSION = YES;
				GCC_WARN_ABOUT_RETURN_TYPE = YES_ERROR;
				GCC_WARN_UNDECLARED_SELECTOR = YES;
				GCC_WARN_UNINITIALIZED_AUTOS = YES_AGGRESSIVE;
				GCC_WARN_UNUSED_FUNCTION = YES;
				GCC_WARN_UNUSED_VARIABLE = YES;
				IPHONEOS_DEPLOYMENT_TARGET = 9.3;
				MTL_ENABLE_DEBUG_INFO = NO;
				SDKROOT = iphoneos;
				TARGETED_DEVICE_FAMILY = "1,2";
				VALIDATE_PRODUCT = YES;
			};
			name = Release;
		};
		180A73671D532BF600F6BCCE /* Debug */ = {
			isa = XCBuildConfiguration;
			buildSettings = {
				ASSETCATALOG_COMPILER_APPICON_NAME = AppIcon;
				INFOPLIST_FILE = SampleProject/Info.plist;
				LD_RUNPATH_SEARCH_PATHS = "$(inherited) @executable_path/Frameworks";
				PRODUCT_BUNDLE_IDENTIFIER = com.mindsparx.SampleProject;
				PRODUCT_NAME = "$(TARGET_NAME)";
			};
			name = Debug;
		};
		180A73681D532BF600F6BCCE /* Release */ = {
			isa = XCBuildConfiguration;
			buildSettings = {
				ASSETCATALOG_COMPILER_APPICON_NAME = AppIcon;
				INFOPLIST_FILE = SampleProject/Info.plist;
				LD_RUNPATH_SEARCH_PATHS = "$(inherited) @executable_path/Frameworks";
				PRODUCT_BUNDLE_IDENTIFIER = com.mindsparx.SampleProject;
				PRODUCT_NAME = "$(TARGET_NAME)";
			};
			name = Release;
		};
		180A736A1D532BF600F6BCCE /* Debug */ = {
			isa = XCBuildConfiguration;
			buildSettings = {
				BUNDLE_LOADER = "$(TEST_HOST)";
				INFOPLIST_FILE = SampleProjectTests/Info.plist;
				LD_RUNPATH_SEARCH_PATHS = "$(inherited) @executable_path/Frameworks @loader_path/Frameworks";
				PRODUCT_BUNDLE_IDENTIFIER = com.mindsparx.SampleProjectTests;
				PRODUCT_NAME = "$(TARGET_NAME)";
				TEST_HOST = "$(BUILT_PRODUCTS_DIR)/SampleProject.app/SampleProject";
			};
			name = Debug;
		};
		180A736B1D532BF600F6BCCE /* Release */ = {
			isa = XCBuildConfiguration;
			buildSettings = {
				BUNDLE_LOADER = "$(TEST_HOST)";
				INFOPLIST_FILE = SampleProjectTests/Info.plist;
				LD_RUNPATH_SEARCH_PATHS = "$(inherited) @executable_path/Frameworks @loader_path/Frameworks";
				PRODUCT_BUNDLE_IDENTIFIER = com.mindsparx.SampleProjectTests;
				PRODUCT_NAME = "$(TARGET_NAME)";
				TEST_HOST = "$(BUILT_PRODUCTS_DIR)/SampleProject.app/SampleProject";
			};
			name = Release;
		};
		180A736D1D532BF600F6BCCE /* Debug */ = {
			isa = XCBuildConfiguration;
			buildSettings = {
				INFOPLIST_FILE = SampleProjectUITests/Info.plist;
				LD_RUNPATH_SEARCH_PATHS = "$(inherited) @executable_path/Frameworks @loader_path/Frameworks";
				PRODUCT_BUNDLE_IDENTIFIER = com.mindsparx.SampleProjectUITests;
				PRODUCT_NAME = "$(TARGET_NAME)";
				TEST_TARGET_NAME = SampleProject;
			};
			name = Debug;
		};
		180A736E1D532BF600F6BCCE /* Release */ = {
			isa = XCBuildConfiguration;
			buildSettings = {
				INFOPLIST_FILE = SampleProjectUITests/Info.plist;
				LD_RUNPATH_SEARCH_PATHS = "$(inherited) @executable_path/Frameworks @loader_path/Frameworks";
				PRODUCT_BUNDLE_IDENTIFIER = com.mindsparx.SampleProjectUITests;
				PRODUCT_NAME = "$(TARGET_NAME)";
				TEST_TARGET_NAME = SampleProject;
			};
			name = Release;
		};
/* End XCBuildConfiguration section */

/* Begin XCConfigurationList section */
		180A73391D532BF600F6BCCE /* Build configuration list for PBXProject "SampleProject" */ = {
			isa = XCConfigurationList;
			buildConfigurations = (
				180A73641D532BF600F6BCCE /* Debug */,
				180A73651D532BF600F6BCCE /* Release */,
			);
			defaultConfigurationIsVisible = 0;
			defaultConfigurationName = Release;
		};
		180A73661D532BF600F6BCCE /* Build configuration list for PBXNativeTarget "SampleProject" */ = {
			isa = XCConfigurationList;
			buildConfigurations = (
				180A73671D532BF600F6BCCE /* Debug */,
				180A73681D532BF600F6BCCE /* Release */,
			);
			defaultConfigurationIsVisible = 0;
		};
		180A73691D532BF600F6BCCE /* Build configuration list for PBXNativeTarget "SampleProjectTests" */ = {
			isa = XCConfigurationList;
			buildConfigurations = (
				180A736A1D532BF600F6BCCE /* Debug */,
				180A736B1D532BF600F6BCCE /* Release */,
			);
			defaultConfigurationIsVisible = 0;
		};
		180A736C1D532BF600F6BCCE /* Build configuration list for PBXNativeTarget "SampleProjectUITests" */ = {
			isa = XCConfigurationList;
			buildConfigurations = (
				180A736D1D532BF600F6BCCE /* Debug */,
				180A736E1D532BF600F6BCCE /* Release */,
			);
			defaultConfigurationIsVisible = 0;
		};
/* End XCConfigurationList section */
	};
	rootObject = 180A73361D532BF600F6BCCE /* Project object */;
}
